
Microsoft Visual Studio Solution File, Format Version 12.00
# Visual Studio Version 17
VisualStudioVersion = 17.6.33706.43
MinimumVisualStudioVersion = 10.0.40219.1
Project("{9A19103F-16F7-4668-BE54-9A1E7A4F7556}") = "UserService.Api", "UserService.Api\UserService.Api.csproj", "{0D7DD872-1E85-4D77-AB63-2DF7025A2D29}"
EndProject
Project("{9A19103F-16F7-4668-BE54-9A1E7A4F7556}") = "UserService2.LampbdaApi", "UserService2.LampbdaApi\UserService2.LampbdaApi.csproj", "{8A3C60CD-A359-4F70-89C2-0026B577D2E2}"
EndProject
Project("{9A19103F-16F7-4668-BE54-9A1E7A4F7556}") = "UserService2.LampbdaApi.Tests", "UserService2.LampbdaApi.Tests\UserService2.LampbdaApi.Tests.csproj", "{492D5231-BDF7-48A2-BB30-46C2C5C08991}"
EndProject
Project("{9A19103F-16F7-4668-BE54-9A1E7A4F7556}") = "UserService.Core", "UserService.Core\UserService.Core.csproj", "{2460613E-0054-46B9-A283-AFE49BD661A9}"
EndProject
Project("{FAE04EC0-301F-11D3-BF4B-00C04F79EFBC}") = "Service1", "..\Service1\Service1.csproj", "{932D95EF-8048-49C6-B8C2-D923DD95124D}"
EndProject
Project("{FAE04EC0-301F-11D3-BF4B-00C04F79EFBC}") = "Service2", "Service2\Service2.csproj", "{C257FEF3-A495-4F68-9E2A-49D3427D60C8}"
EndProject
Global
	GlobalSection(SolutionConfigurationPlatforms) = preSolution
		Debug|Any CPU = Debug|Any CPU
		Release|Any CPU = Release|Any CPU
	EndGlobalSection
	GlobalSection(ProjectConfigurationPlatforms) = postSolution
		{0D7DD872-1E85-4D77-AB63-2DF7025A2D29}.Debug|Any CPU.ActiveCfg = Debug|Any CPU
		{0D7DD872-1E85-4D77-AB63-2DF7025A2D29}.Debug|Any CPU.Build.0 = Debug|Any CPU
		{0D7DD872-1E85-4D77-AB63-2DF7025A2D29}.Release|Any CPU.ActiveCfg = Release|Any CPU
		{0D7DD872-1E85-4D77-AB63-2DF7025A2D29}.Release|Any CPU.Build.0 = Release|Any CPU
		{8A3C60CD-A359-4F70-89C2-0026B577D2E2}.Debug|Any CPU.ActiveCfg = Debug|Any CPU
		{8A3C60CD-A359-4F70-89C2-0026B577D2E2}.Debug|Any CPU.Build.0 = Debug|Any CPU
		{8A3C60CD-A359-4F70-89C2-0026B577D2E2}.Release|Any CPU.ActiveCfg = Release|Any CPU
		{8A3C60CD-A359-4F70-89C2-0026B577D2E2}.Release|Any CPU.Build.0 = Release|Any CPU
		{492D5231-BDF7-48A2-BB30-46C2C5C08991}.Debug|Any CPU.ActiveCfg = Debug|Any CPU
		{492D5231-BDF7-48A2-BB30-46C2C5C08991}.Debug|Any CPU.Build.0 = Debug|Any CPU
		{492D5231-BDF7-48A2-BB30-46C2C5C08991}.Release|Any CPU.ActiveCfg = Release|Any CPU
		{492D5231-BDF7-48A2-BB30-46C2C5C08991}.Release|Any CPU.Build.0 = Release|Any CPU
		{2460613E-0054-46B9-A283-AFE49BD661A9}.Debug|Any CPU.ActiveCfg = Debug|Any CPU
		{2460613E-0054-46B9-A283-AFE49BD661A9}.Debug|Any CPU.Build.0 = Debug|Any CPU
		{2460613E-0054-46B9-A283-AFE49BD661A9}.Release|Any CPU.ActiveCfg = Release|Any CPU
		{2460613E-0054-46B9-A283-AFE49BD661A9}.Release|Any CPU.Build.0 = Release|Any CPU
		{932D95EF-8048-49C6-B8C2-D923DD95124D}.Debug|Any CPU.ActiveCfg = Debug|Any CPU
		{932D95EF-8048-49C6-B8C2-D923DD95124D}.Debug|Any CPU.Build.0 = Debug|Any CPU
		{932D95EF-8048-49C6-B8C2-D923DD95124D}.Release|Any CPU.ActiveCfg = Release|Any CPU
		{932D95EF-8048-49C6-B8C2-D923DD95124D}.Release|Any CPU.Build.0 = Release|Any CPU
		{C257FEF3-A495-4F68-9E2A-49D3427D60C8}.Debug|Any CPU.ActiveCfg = Debug|Any CPU
		{C257FEF3-A495-4F68-9E2A-49D3427D60C8}.Debug|Any CPU.Build.0 = Debug|Any CPU
		{C257FEF3-A495-4F68-9E2A-49D3427D60C8}.Release|Any CPU.ActiveCfg = Release|Any CPU
		{C257FEF3-A495-4F68-9E2A-49D3427D60C8}.Release|Any CPU.Build.0 = Release|Any CPU
	EndGlobalSection
	GlobalSection(SolutionProperties) = preSolution
		HideSolutionNode = FALSE
	EndGlobalSection
	GlobalSection(ExtensibilityGlobals) = postSolution
		SolutionGuid = {17357BAF-B498-4E08-A86C-7602D1D85E6B}
	EndGlobalSection
EndGlobal
